Microsoft Visual Studio Solution File, Format Version 12.00
# Visual Studio 14
VisualStudioVersion = 14.0.23107.0
MinimumVisualStudioVersion = 10.0.40219.1
Project("{FAE04EC0-301F-11D3-BF4B-00C04F79EFBC}") = "WindowsFormsApplication88", "WindowsFormsApplication88\WindowsFormsApplication88.csproj", "{594C707A-2D29-4A6E-88E6-6D2AF104F30F}"
EndProject
Global
	GlobalSection(SolutionConfigurationPlatforms) = preSolution
		Debug|Any CPU = Debug|Any CPU
		Release|Any CPU = Release|Any CPU
	EndGlobalSection
	GlobalSection(ProjectConfigurationPlatforms) = postSolution
		{594C707A-2D29-4A6E-88E6-6D2AF104F30F}.Debug|Any CPU.ActiveCfg = Debug|Any CPU
		{594C707A-2D29-4A6E-88E6-6D2AF104F30F}.Debug|Any CPU.Build.0 = Debug|Any CPU
		{594C707A-2D29-4A6E-88E6-6D2AF104F30F}.Release|Any CPU.ActiveCfg = Release|Any CPU
		{594C707A-2D29-4A6E-88E6-6D2AF104F30F}.Release|Any CPU.Build.0 = Release|Any CPU
	EndGlobalSection
	GlobalSection(SolutionProperties) = preSolution
		HideSolutionNode = FALSE
	EndGlobalSection
EndGlobal
